# This file is automatically @generated by Cargo.
# It is not intended for manual editing.
version = 3

[[package]]
name = "hwc_lang"
version = "0.1.0"

[[package]]
name = "hwc_lang_cbml"
version = "0.1.0"
dependencies = [
 "preproc",
 "tags",
]

[[package]]
name = "hwc_lang_dollar"
version = "0.1.0"

[[package]]
name = "hwc_lang_equation"
version = "0.1.0"

[[package]]
name = "hwc_latex"
version = "0.1.0"
dependencies = [
 "hwc_lang_cbml",
 "hwc_lang_dollar",
 "hwc_lang_equation",
 "json",
]

[[package]]
name = "json"
version = "0.12.4"
source = "registry+https://github.com/rust-lang/crates.io-index"
checksum = "078e285eafdfb6c4b434e0d31e8cfcb5115b651496faca5749b88fafd4f23bfd"

[[package]]
name = "preproc"
version = "0.1.0"

[[package]]
name = "tags"
version = "0.1.0"
